
Microsoft Visual Studio Solution File, Format Version 12.00
# Visual Studio Version 16
VisualStudioVersion = 16.0.29911.84
MinimumVisualStudioVersion = 10.0.40219.1
Project("{9A19103F-16F7-4668-BE54-9A1E7A4F7556}") = "MadPay24.Data", "MadPay24.Data\MadPay24.Data.csproj", "{69E337D8-FF16-4313-ABCC-7FF24D0FFAE3}"
EndProject
Project("{9A19103F-16F7-4668-BE54-9A1E7A4F7556}") = "MadPay24.Common", "MadPay24.Common\MadPay24.Common.csproj", "{E72097FA-61D5-48E3-BB44-71E0C7A6A266}"
EndProject
Project("{9A19103F-16F7-4668-BE54-9A1E7A4F7556}") = "MadPay24.Repo", "MadPay24.Repo\MadPay24.Repo.csproj", "{712DBD0B-94C4-4120-B896-F8609E5F356A}"
EndProject
Project("{9A19103F-16F7-4668-BE54-9A1E7A4F7556}") = "MadPay24.Services", "MadPay24.Services\MadPay24.Services.csproj", "{7DD804AC-D951-43D1-A342-D69802C19280}"
EndProject
Project("{FAE04EC0-301F-11D3-BF4B-00C04F79EFBC}") = "MadPay24.Presentation", "MadPay24.Presentation\MadPay24.Presentation.csproj", "{82FB658A-F60F-4DE8-8F00-199256BA9801}"
EndProject
Global
	GlobalSection(SolutionConfigurationPlatforms) = preSolution
		Debug|Any CPU = Debug|Any CPU
		Release|Any CPU = Release|Any CPU
	EndGlobalSection
	GlobalSection(ProjectConfigurationPlatforms) = postSolution
		{69E337D8-FF16-4313-ABCC-7FF24D0FFAE3}.Debug|Any CPU.ActiveCfg = Debug|Any CPU
		{69E337D8-FF16-4313-ABCC-7FF24D0FFAE3}.Debug|Any CPU.Build.0 = Debug|Any CPU
		{69E337D8-FF16-4313-ABCC-7FF24D0FFAE3}.Release|Any CPU.ActiveCfg = Release|Any CPU
		{69E337D8-FF16-4313-ABCC-7FF24D0FFAE3}.Release|Any CPU.Build.0 = Release|Any CPU
		{E72097FA-61D5-48E3-BB44-71E0C7A6A266}.Debug|Any CPU.ActiveCfg = Debug|Any CPU
		{E72097FA-61D5-48E3-BB44-71E0C7A6A266}.Debug|Any CPU.Build.0 = Debug|Any CPU
		{E72097FA-61D5-48E3-BB44-71E0C7A6A266}.Release|Any CPU.ActiveCfg = Release|Any CPU
		{E72097FA-61D5-48E3-BB44-71E0C7A6A266}.Release|Any CPU.Build.0 = Release|Any CPU
		{712DBD0B-94C4-4120-B896-F8609E5F356A}.Debug|Any CPU.ActiveCfg = Debug|Any CPU
		{712DBD0B-94C4-4120-B896-F8609E5F356A}.Debug|Any CPU.Build.0 = Debug|Any CPU
		{712DBD0B-94C4-4120-B896-F8609E5F356A}.Release|Any CPU.ActiveCfg = Release|Any CPU
		{712DBD0B-94C4-4120-B896-F8609E5F356A}.Release|Any CPU.Build.0 = Release|Any CPU
		{7DD804AC-D951-43D1-A342-D69802C19280}.Debug|Any CPU.ActiveCfg = Debug|Any CPU
		{7DD804AC-D951-43D1-A342-D69802C19280}.Debug|Any CPU.Build.0 = Debug|Any CPU
		{7DD804AC-D951-43D1-A342-D69802C19280}.Release|Any CPU.ActiveCfg = Release|Any CPU
		{7DD804AC-D951-43D1-A342-D69802C19280}.Release|Any CPU.Build.0 = Release|Any CPU
		{82FB658A-F60F-4DE8-8F00-199256BA9801}.Debug|Any CPU.ActiveCfg = Debug|Any CPU
		{82FB658A-F60F-4DE8-8F00-199256BA9801}.Debug|Any CPU.Build.0 = Debug|Any CPU
		{82FB658A-F60F-4DE8-8F00-199256BA9801}.Release|Any CPU.ActiveCfg = Release|Any CPU
		{82FB658A-F60F-4DE8-8F00-199256BA9801}.Release|Any CPU.Build.0 = Release|Any CPU
	EndGlobalSection
	GlobalSection(SolutionProperties) = preSolution
		HideSolutionNode = FALSE
	EndGlobalSection
	GlobalSection(ExtensibilityGlobals) = postSolution
		SolutionGuid = {B5677D02-67C3-4D0B-B827-0A97C3693E4A}
	EndGlobalSection
EndGlobal
